// !$*UTF8*$!
{
	archiveVersion = 1;
	classes = {
	};
	objectVersion = 77;
	objects = {

/* Begin PBXFileReference section */
		5D0A00000000000000000010 /* SyncedPassTests.xctest */ = {isa = PBXFileReference; explicitFileType = wrapper.cfbundle; includeInIndex = 0; path = SyncedPassTests.xctest; sourceTree = BUILT_PRODUCTS_DIR; };
		5D0A00000000000000000001 /* SyncedPass.app */ = {isa = PBXFileReference; explicitFileType = wrapper.application; includeInIndex = 0; path = SyncedPass.app; sourceTree = BUILT_PRODUCTS_DIR; };
/* End PBXFileReference section */

/* Begin PBXContainerItemProxy section */
		5D0A00000000000000000019 /* PBXContainerItemProxy */ = {
			isa = PBXContainerItemProxy;
			containerPortal = 5D0A0000000000000000000A /* Project object */;
			proxyType = 1;
			remoteGlobalIDString = 5D0A00000000000000000006;
			remoteInfo = SyncedPass;
		};
/* End PBXContainerItemProxy section */

/* Begin PBXFileSystemSynchronizedRootGroup section */
		5D0A00000000000000000011 /* SyncedPassTests */ = {
			isa = PBXFileSystemSynchronizedRootGroup;
			path = SyncedPassTests;
			sourceTree = "<group>";
		};
		5D0A00000000000000000002 /* SyncedPass */ = {
			isa = PBXFileSystemSynchronizedRootGroup;
			path = SyncedPass;
			sourceTree = "<group>";
		};
/* End PBXFileSystemSynchronizedRootGroup section */

/* Begin PBXFrameworksBuildPhase section */
		5D0A00000000000000000012 /* Frameworks */ = {
			isa = PBXFrameworksBuildPhase;
			buildActionMask = 2147483647;
			files = (
			);
			runOnlyForDeploymentPostprocessing = 0;
		};
		5D0A00000000000000000003 /* Frameworks */ = {
			isa = PBXFrameworksBuildPhase;
			buildActionMask = 2147483647;
			files = (
			);
			runOnlyForDeploymentPostprocessing = 0;
		};
/* End PBXFrameworksBuildPhase section */

/* Begin PBXGroup section */
		5D0A00000000000000000004 = {
			isa = PBXGroup;
			children = (
				5D0A00000000000000000002 /* SyncedPass */,
				5D0A00000000000000000011 /* SyncedPassTests */,
				5D0A00000000000000000005 /* Products */,
			);
			sourceTree = "<group>";
		};
		5D0A00000000000000000005 /* Products */ = {
			isa = PBXGroup;
			children = (
				5D0A00000000000000000001 /* SyncedPass.app */,
				5D0A00000000000000000010 /* SyncedPassTests.xctest */,
			);
			name = Products;
			sourceTree = "<group>";
		};
/* End PBXGroup section */

/* Begin PBXNativeTarget section */
		5D0A00000000000000000015 /* SyncedPassTests */ = {
			isa = PBXNativeTarget;
			buildConfigurationList = 5D0A00000000000000000016 /* Build configuration list for PBXNativeTarget "SyncedPassTests" */;
			buildPhases = (
				5D0A00000000000000000013 /* Sources */,
				5D0A00000000000000000012 /* Frameworks */,
				5D0A00000000000000000014 /* Resources */,
			);
			buildRules = (
			);
			dependencies = (
				5D0A0000000000000000001A /* PBXTargetDependency */,
			);
			fileSystemSynchronizedGroups = (
				5D0A00000000000000000011 /* SyncedPassTests */,
			);
			name = SyncedPassTests;
			productName = SyncedPassTests;
			productReference = 5D0A00000000000000000010 /* SyncedPassTests.xctest */;
			productType = "com.apple.product-type.bundle.unit-test";
		};
		5D0A00000000000000000006 /* SyncedPass */ = {
			isa = PBXNativeTarget;
			buildConfigurationList = 5D0A00000000000000000007 /* Build configuration list for PBXNativeTarget "SyncedPass" */;
			buildPhases = (
				5D0A00000000000000000008 /* Sources */,
				5D0A00000000000000000003 /* Frameworks */,
				5D0A00000000000000000009 /* Resources */,
			);
			buildRules = (
			);
			dependencies = (
			);
			fileSystemSynchronizedGroups = (
				5D0A00000000000000000002 /* SyncedPass */,
			);
			name = SyncedPass;
			productName = SyncedPass;
			productReference = 5D0A00000000000000000001 /* SyncedPass.app */;
			productType = "com.apple.product-type.application";
		};
/* End PBXNativeTarget section */

/* Begin PBXProject section */
		5D0A0000000000000000000A /* Project object */ = {
			isa = PBXProject;
			attributes = {
				BuildIndependentTargetsInParallel = 1;
				LastSwiftUpdateCheck = 2600;
				LastUpgradeCheck = 2600;
				TargetAttributes = {
					5D0A00000000000000000006 = {
						CreatedOnToolsVersion = 26.6;
					};
					5D0A00000000000000000015 = {
						CreatedOnToolsVersion = 26.6;
						TestTargetID = 5D0A00000000000000000006;
					};
				};
			};
			buildConfigurationList = 5D0A0000000000000000000B /* Build configuration list for PBXProject "SyncedPass" */;
			developmentRegion = en;
			hasScannedForEncodings = 0;
			knownRegions = (
				en,
				Base,
			);
			mainGroup = 5D0A00000000000000000004;
			minimizedProjectReferenceProxies = 1;
			preferredProjectObjectVersion = 77;
			productRefGroup = 5D0A00000000000000000005 /* Products */;
			projectDirPath = "";
			projectRoot = "";
			targets = (
				5D0A00000000000000000006 /* SyncedPass */,
				5D0A00000000000000000015 /* SyncedPassTests */,
			);
		};
/* End PBXProject section */

/* Begin PBXResourcesBuildPhase section */
		5D0A00000000000000000014 /* Resources */ = {
			isa = PBXResourcesBuildPhase;
			buildActionMask = 2147483647;
			files = (
			);
			runOnlyForDeploymentPostprocessing = 0;
		};
		5D0A00000000000000000009 /* Resources */ = {
			isa = PBXResourcesBuildPhase;
			buildActionMask = 2147483647;
			files = (
			);
			runOnlyForDeploymentPostprocessing = 0;
		};
/* End PBXResourcesBuildPhase section */

/* Begin PBXSourcesBuildPhase section */
		5D0A00000000000000000013 /* Sources */ = {
			isa = PBXSourcesBuildPhase;
			buildActionMask = 2147483647;
			files = (
			);
			runOnlyForDeploymentPostprocessing = 0;
		};
		5D0A00000000000000000008 /* Sources */ = {
			isa = PBXSourcesBuildPhase;
			buildActionMask = 2147483647;
			files = (
			);
			runOnlyForDeploymentPostprocessing = 0;
		};
/* End PBXSourcesBuildPhase section */

/* Begin PBXTargetDependency section */
		5D0A0000000000000000001A /* PBXTargetDependency */ = {
			isa = PBXTargetDependency;
			target = 5D0A00000000000000000006 /* SyncedPass */;
			targetProxy = 5D0A00000000000000000019 /* PBXContainerItemProxy */;
		};
/* End PBXTargetDependency section */

/* Begin XCBuildConfiguration section */
		5D0A00000000000000000017 /* Debug */ = {
			isa = XCBuildConfiguration;
			buildSettings = {
				BUNDLE_LOADER = "$(TEST_HOST)";
				CODE_SIGN_IDENTITY = "-";
				CODE_SIGN_STYLE = Automatic;
				CURRENT_PROJECT_VERSION = 1;
				GENERATE_INFOPLIST_FILE = YES;
				MACOSX_DEPLOYMENT_TARGET = 15.0;
				MARKETING_VERSION = 0.1;
				PRODUCT_BUNDLE_IDENTIFIER = com.abdurahmanharouat.SyncedPassTests;
				PRODUCT_NAME = "$(TARGET_NAME)";
				SWIFT_APPROACHABLE_CONCURRENCY = YES;
				SWIFT_DEFAULT_ACTOR_ISOLATION = MainActor;
				SWIFT_EMIT_LOC_STRINGS = NO;
				SWIFT_VERSION = 6.0;
				TEST_HOST = "$(BUILT_PRODUCTS_DIR)/SyncedPass.app/$(BUNDLE_EXECUTABLE_FOLDER_PATH)/SyncedPass";
			};
			name = Debug;
		};
		5D0A00000000000000000018 /* Release */ = {
			isa = XCBuildConfiguration;
			buildSettings = {
				BUNDLE_LOADER = "$(TEST_HOST)";
				CODE_SIGN_IDENTITY = "-";
				CODE_SIGN_STYLE = Automatic;
				CURRENT_PROJECT_VERSION = 1;
				GENERATE_INFOPLIST_FILE = YES;
				MACOSX_DEPLOYMENT_TARGET = 15.0;
				MARKETING_VERSION = 0.1;
				PRODUCT_BUNDLE_IDENTIFIER = com.abdurahmanharouat.SyncedPassTests;
				PRODUCT_NAME = "$(TARGET_NAME)";
				SWIFT_APPROACHABLE_CONCURRENCY = YES;
				SWIFT_DEFAULT_ACTOR_ISOLATION = MainActor;
				SWIFT_EMIT_LOC_STRINGS = NO;
				SWIFT_VERSION = 6.0;
				TEST_HOST = "$(BUILT_PRODUCTS_DIR)/SyncedPass.app/$(BUNDLE_EXECUTABLE_FOLDER_PATH)/SyncedPass";
			};
			name = Release;
		};
		5D0A0000000000000000000C /* Debug */ = {
			isa = XCBuildConfiguration;
			buildSettings = {
				ALWAYS_SEARCH_USER_PATHS = NO;
				CLANG_ANALYZER_NONNULL = YES;
				CLANG_ENABLE_MODULES = YES;
				CLANG_ENABLE_OBJC_ARC = YES;
				COPY_PHASE_STRIP = NO;
				DEBUG_INFORMATION_FORMAT = dwarf;
				ENABLE_STRICT_OBJC_MSGSEND = YES;
				ENABLE_TESTABILITY = YES;
				ENABLE_USER_SCRIPT_SANDBOXING = YES;
				GCC_DYNAMIC_NO_PIC = NO;
				GCC_OPTIMIZATION_LEVEL = 0;
				GCC_PREPROCESSOR_DEFINITIONS = (
					"DEBUG=1",
					"$(inherited)",
				);
				LOCALIZATION_PREFERS_STRING_CATALOGS = YES;
				MACOSX_DEPLOYMENT_TARGET = 15.0;
				ONLY_ACTIVE_ARCH = YES;
				SDKROOT = macosx;
				SWIFT_ACTIVE_COMPILATION_CONDITIONS = "DEBUG $(inherited)";
				SWIFT_OPTIMIZATION_LEVEL = "-Onone";
			};
			name = Debug;
		};
		5D0A0000000000000000000D /* Release */ = {
			isa = XCBuildConfiguration;
			buildSettings = {
				ALWAYS_SEARCH_USER_PATHS = NO;
				CLANG_ANALYZER_NONNULL = YES;
				CLANG_ENABLE_MODULES = YES;
				CLANG_ENABLE_OBJC_ARC = YES;
				COPY_PHASE_STRIP = NO;
				DEBUG_INFORMATION_FORMAT = "dwarf-with-dsym";
				ENABLE_NS_ASSERTIONS = NO;
				ENABLE_STRICT_OBJC_MSGSEND = YES;
				ENABLE_USER_SCRIPT_SANDBOXING = YES;
				LOCALIZATION_PREFERS_STRING_CATALOGS = YES;
				MACOSX_DEPLOYMENT_TARGET = 15.0;
				SDKROOT = macosx;
				SWIFT_COMPILATION_MODE = wholemodule;
			};
			name = Release;
		};
		5D0A0000000000000000000E /* Debug */ = {
			isa = XCBuildConfiguration;
			buildSettings = {
				ASSETCATALOG_COMPILER_APPICON_NAME = AppIcon;
				CODE_SIGN_IDENTITY = "-";
				CODE_SIGN_STYLE = Automatic;
				COMBINE_HIDPI_IMAGES = YES;
				CURRENT_PROJECT_VERSION = 1;
				ENABLE_APP_SANDBOX = YES;
				ENABLE_HARDENED_RUNTIME = YES;
				ENABLE_USER_SELECTED_FILES = readwrite;
				GENERATE_INFOPLIST_FILE = YES;
				INFOPLIST_KEY_LSApplicationCategoryType = "public.app-category.productivity";
				INFOPLIST_FILE = "SyncedPass-Info.plist";
				LD_RUNPATH_SEARCH_PATHS = (
					"$(inherited)",
					"@executable_path/../Frameworks",
				);
				MARKETING_VERSION = 0.1;
				PRODUCT_BUNDLE_IDENTIFIER = com.abdurahmanharouat.SyncedPass;
				PRODUCT_NAME = "$(TARGET_NAME)";
				SWIFT_APPROACHABLE_CONCURRENCY = YES;
				SWIFT_DEFAULT_ACTOR_ISOLATION = MainActor;
				SWIFT_EMIT_LOC_STRINGS = YES;
				SWIFT_VERSION = 6.0;
			};
			name = Debug;
		};
		5D0A0000000000000000000F /* Release */ = {
			isa = XCBuildConfiguration;
			buildSettings = {
				ASSETCATALOG_COMPILER_APPICON_NAME = AppIcon;
				CODE_SIGN_IDENTITY = "-";
				CODE_SIGN_STYLE = Automatic;
				COMBINE_HIDPI_IMAGES = YES;
				CURRENT_PROJECT_VERSION = 1;
				ENABLE_APP_SANDBOX = YES;
				ENABLE_HARDENED_RUNTIME = YES;
				ENABLE_USER_SELECTED_FILES = readwrite;
				GENERATE_INFOPLIST_FILE = YES;
				INFOPLIST_KEY_LSApplicationCategoryType = "public.app-category.productivity";
				INFOPLIST_FILE = "SyncedPass-Info.plist";
				LD_RUNPATH_SEARCH_PATHS = (
					"$(inherited)",
					"@executable_path/../Frameworks",
				);
				MARKETING_VERSION = 0.1;
				PRODUCT_BUNDLE_IDENTIFIER = com.abdurahmanharouat.SyncedPass;
				PRODUCT_NAME = "$(TARGET_NAME)";
				SWIFT_APPROACHABLE_CONCURRENCY = YES;
				SWIFT_DEFAULT_ACTOR_ISOLATION = MainActor;
				SWIFT_EMIT_LOC_STRINGS = YES;
				SWIFT_VERSION = 6.0;
			};
			name = Release;
		};
/* End XCBuildConfiguration section */

/* Begin XCConfigurationList section */
		5D0A00000000000000000016 /* Build configuration list for PBXNativeTarget "SyncedPassTests" */ = {
			isa = XCConfigurationList;
			buildConfigurations = (
				5D0A00000000000000000017 /* Debug */,
				5D0A00000000000000000018 /* Release */,
			);
			defaultConfigurationIsVisible = 0;
			defaultConfigurationName = Release;
		};
		5D0A00000000000000000007 /* Build configuration list for PBXNativeTarget "SyncedPass" */ = {
			isa = XCConfigurationList;
			buildConfigurations = (
				5D0A0000000000000000000E /* Debug */,
				5D0A0000000000000000000F /* Release */,
			);
			defaultConfigurationIsVisible = 0;
			defaultConfigurationName = Release;
		};
		5D0A0000000000000000000B /* Build configuration list for PBXProject "SyncedPass" */ = {
			isa = XCConfigurationList;
			buildConfigurations = (
				5D0A0000000000000000000C /* Debug */,
				5D0A0000000000000000000D /* Release */,
			);
			defaultConfigurationIsVisible = 0;
			defaultConfigurationName = Release;
		};
/* End XCConfigurationList section */
	};
	rootObject = 5D0A0000000000000000000A /* Project object */;
}
